{
  "originHash" : "7042552b853424ea1169c7d53ce765684b5ff73aa1050d3a822f3f3f0a75405b",
  "pins" : [
    {
      "identity" : "appsflyerframework-static",
      "kind" : "remoteSourceControl",
      "location" : "https://github.com/AppsFlyerSDK/AppsFlyerFramework-Static.git",
      "state" : {
        "revision" : "8b763045b2a788e3fd59f1bde7b74d130286da27",
        "version" : "6.18.1"
      }
    },
    {
      "identity" : "capacitor-swift-pm",
      "kind" : "remoteSourceControl",
      "location" : "https://github.com/ionic-team/capacitor-swift-pm.git",
      "state" : {
        "revision" : "44ae2505f54a80c5e559533950886d0644fc2fca",
        "version" : "8.4.0"
      }
    }
  ],
  "version" : 3
}
